
Microsoft Visual Studio Solution File, Format Version 12.00
# Visual Studio Version 16
VisualStudioVersion = 16.0.31702.278
MinimumVisualStudioVersion = 10.0.40219.1
Project("{FAE04EC0-301F-11D3-BF4B-00C04F79EFBC}") = "LogIn window", "LogIn window\LogIn window.csproj", "{08F6F0DF-3EEE-4DCA-8B15-2078C0ACB98E}"
EndProject
Global
	GlobalSection(SolutionConfigurationPlatforms) = preSolution
		Debug|Any CPU = Debug|Any CPU
		Release|Any CPU = Release|Any CPU
	EndGlobalSection
	GlobalSection(ProjectConfigurationPlatforms) = postSolution
		{08F6F0DF-3EEE-4DCA-8B15-2078C0ACB98E}.Debug|Any CPU.ActiveCfg = Debug|Any CPU
		{08F6F0DF-3EEE-4DCA-8B15-2078C0ACB98E}.Debug|Any CPU.Build.0 = Debug|Any CPU
		{08F6F0DF-3EEE-4DCA-8B15-2078C0ACB98E}.Release|Any CPU.ActiveCfg = Release|Any CPU
		{08F6F0DF-3EEE-4DCA-8B15-2078C0ACB98E}.Release|Any CPU.Build.0 = Release|Any CPU
	EndGlobalSection
	GlobalSection(SolutionProperties) = preSolution
		HideSolutionNode = FALSE
	EndGlobalSection
	GlobalSection(ExtensibilityGlobals) = postSolution
		SolutionGuid = {5D7382B4-57BF-4C36-AD3B-CE601C53FF69}
	EndGlobalSection
EndGlobal
