
Microsoft Visual Studio Solution File, Format Version 12.00
# Visual Studio Version 16
VisualStudioVersion = 16.0.31702.278
MinimumVisualStudioVersion = 10.0.40219.1
Project("{FAE04EC0-301F-11D3-BF4B-00C04F79EFBC}") = "multidimensional_arrays", "multidimensional_arrays\multidimensional_arrays.csproj", "{31347FC7-200C-4EC7-B120-50E212986E57}"
EndProject
Global
	GlobalSection(SolutionConfigurationPlatforms) = preSolution
		Debug|Any CPU = Debug|Any CPU
		Release|Any CPU = Release|Any CPU
	EndGlobalSection
	GlobalSection(ProjectConfigurationPlatforms) = postSolution
		{31347FC7-200C-4EC7-B120-50E212986E57}.Debug|Any CPU.ActiveCfg = Debug|Any CPU
		{31347FC7-200C-4EC7-B120-50E212986E57}.Debug|Any CPU.Build.0 = Debug|Any CPU
		{31347FC7-200C-4EC7-B120-50E212986E57}.Release|Any CPU.ActiveCfg = Release|Any CPU
		{31347FC7-200C-4EC7-B120-50E212986E57}.Release|Any CPU.Build.0 = Release|Any CPU
	EndGlobalSection
	GlobalSection(SolutionProperties) = preSolution
		HideSolutionNode = FALSE
	EndGlobalSection
	GlobalSection(ExtensibilityGlobals) = postSolution
		SolutionGuid = {6CBA2C45-EC84-4176-AD5C-FE3598ED7B93}
	EndGlobalSection
EndGlobal
