
Microsoft Visual Studio Solution File, Format Version 12.00
# Visual Studio Version 16
VisualStudioVersion = 16.0.31702.278
MinimumVisualStudioVersion = 10.0.40219.1
Project("{FAE04EC0-301F-11D3-BF4B-00C04F79EFBC}") = "Threading_splashScreen", "Threading_splashScreen\Threading_splashScreen.csproj", "{FA5FE858-5A8B-46BA-AAE9-A5181DCD46A1}"
EndProject
Global
	GlobalSection(SolutionConfigurationPlatforms) = preSolution
		Debug|Any CPU = Debug|Any CPU
		Release|Any CPU = Release|Any CPU
	EndGlobalSection
	GlobalSection(ProjectConfigurationPlatforms) = postSolution
		{FA5FE858-5A8B-46BA-AAE9-A5181DCD46A1}.Debug|Any CPU.ActiveCfg = Debug|Any CPU
		{FA5FE858-5A8B-46BA-AAE9-A5181DCD46A1}.Debug|Any CPU.Build.0 = Debug|Any CPU
		{FA5FE858-5A8B-46BA-AAE9-A5181DCD46A1}.Release|Any CPU.ActiveCfg = Release|Any CPU
		{FA5FE858-5A8B-46BA-AAE9-A5181DCD46A1}.Release|Any CPU.Build.0 = Release|Any CPU
	EndGlobalSection
	GlobalSection(SolutionProperties) = preSolution
		HideSolutionNode = FALSE
	EndGlobalSection
	GlobalSection(ExtensibilityGlobals) = postSolution
		SolutionGuid = {E5A2C787-E488-41FE-BB24-6297167F3DCC}
	EndGlobalSection
EndGlobal
