
Microsoft Visual Studio Solution File, Format Version 12.00
# Visual Studio Version 16
VisualStudioVersion = 16.0.31702.278
MinimumVisualStudioVersion = 10.0.40219.1
Project("{FAE04EC0-301F-11D3-BF4B-00C04F79EFBC}") = "WodrPad", "WodrPad\WodrPad.csproj", "{456E7523-CCF7-477B-8BD5-A6A126B9DD95}"
EndProject
Global
	GlobalSection(SolutionConfigurationPlatforms) = preSolution
		Debug|Any CPU = Debug|Any CPU
		Release|Any CPU = Release|Any CPU
	EndGlobalSection
	GlobalSection(ProjectConfigurationPlatforms) = postSolution
		{456E7523-CCF7-477B-8BD5-A6A126B9DD95}.Debug|Any CPU.ActiveCfg = Debug|Any CPU
		{456E7523-CCF7-477B-8BD5-A6A126B9DD95}.Debug|Any CPU.Build.0 = Debug|Any CPU
		{456E7523-CCF7-477B-8BD5-A6A126B9DD95}.Release|Any CPU.ActiveCfg = Release|Any CPU
		{456E7523-CCF7-477B-8BD5-A6A126B9DD95}.Release|Any CPU.Build.0 = Release|Any CPU
	EndGlobalSection
	GlobalSection(SolutionProperties) = preSolution
		HideSolutionNode = FALSE
	EndGlobalSection
	GlobalSection(ExtensibilityGlobals) = postSolution
		SolutionGuid = {E2E14982-5333-45B2-8753-98CBBCF01C87}
	EndGlobalSection
EndGlobal
